
Microsoft Visual Studio Solution File, Format Version 12.00
# Visual Studio Version 17
VisualStudioVersion = 17.14.36310.24 d17.14
MinimumVisualStudioVersion = 10.0.40219.1
Project("{FAE04EC0-301F-11D3-BF4B-00C04F79EFBC}") = "Car-Rental.Api", "Car-Rental.Api\Car-Rental.Api.csproj", "{72F092F0-2F0B-4101-9125-459963CA256E}"
EndProject
Global
	GlobalSection(SolutionConfigurationPlatforms) = preSolution
		Debug|Any CPU = Debug|Any CPU
		Release|Any CPU = Release|Any CPU
	EndGlobalSection
	GlobalSection(ProjectConfigurationPlatforms) = postSolution
		{72F092F0-2F0B-4101-9125-459963CA256E}.Debug|Any CPU.ActiveCfg = Debug|Any CPU
		{72F092F0-2F0B-4101-9125-459963CA256E}.Debug|Any CPU.Build.0 = Debug|Any CPU
		{72F092F0-2F0B-4101-9125-459963CA256E}.Release|Any CPU.ActiveCfg = Release|Any CPU
		{72F092F0-2F0B-4101-9125-459963CA256E}.Release|Any CPU.Build.0 = Release|Any CPU
	EndGlobalSection
	GlobalSection(SolutionProperties) = preSolution
		HideSolutionNode = FALSE
	EndGlobalSection
	GlobalSection(ExtensibilityGlobals) = postSolution
		SolutionGuid = {717C4096-A3C8-4D26-BB09-E2860CE613A2}
	EndGlobalSection
EndGlobal
